// !$*UTF8*$!
{
	archiveVersion = 1;
	classes = {
	};
	objectVersion = 50;
	objects = {

/* Begin PBXBuildFile section */
		3206B8A324102C4B00A3C27F /* APIProtocols.swift in Sources */ = {isa = PBXBuildFile; fileRef = 3206B8A224102C4B00A3C27F /* APIProtocols.swift */; };
		3206B8A5241195ED00A3C27F /* NetworkingClient.swift in Sources */ = {isa = PBXBuildFile; fileRef = 3206B8A4241195ED00A3C27F /* NetworkingClient.swift */; };
		3206B8A7241507E700A3C27F /* APIError.swift in Sources */ = {isa = PBXBuildFile; fileRef = 3206B8A6241507E700A3C27F /* APIError.swift */; };
		3206B8AB2416BA7100A3C27F /* AccountService.swift in Sources */ = {isa = PBXBuildFile; fileRef = 3206B8AA2416BA7100A3C27F /* AccountService.swift */; };
		320AC4C3240EE79F000228BD /* SearchAccountView+SearchAccountViewConstraints.swift in Sources */ = {isa = PBXBuildFile; fileRef = 320AC4C2240EE79F000228BD /* SearchAccountView+SearchAccountViewConstraints.swift */; };
		320AC4C5240EEA3A000228BD /* AccountTableViewCell.swift in Sources */ = {isa = PBXBuildFile; fileRef = 320AC4C4240EEA3A000228BD /* AccountTableViewCell.swift */; };
		320AC4C9240EECE6000228BD /* R.swift in Sources */ = {isa = PBXBuildFile; fileRef = 320AC4C8240EECE6000228BD /* R.swift */; };
		320AC4CB240EEEB6000228BD /* AccountTableViewCell+AccountTableViewCellConstraints.swift in Sources */ = {isa = PBXBuildFile; fileRef = 320AC4CA240EEEB6000228BD /* AccountTableViewCell+AccountTableViewCellConstraints.swift */; };
		320AC4CD240F0343000228BD /* SearchAccountViewController+UITableViewDataSource+Delegate.swift in Sources */ = {isa = PBXBuildFile; fileRef = 320AC4CC240F0343000228BD /* SearchAccountViewController+UITableViewDataSource+Delegate.swift */; };
		320AC4D0240F0445000228BD /* Account.swift in Sources */ = {isa = PBXBuildFile; fileRef = 320AC4CF240F0445000228BD /* Account.swift */; };
		321C356E241AD0CC00E24B65 /* AppDependencyContainer+SearchControllerFactory.swift in Sources */ = {isa = PBXBuildFile; fileRef = 321C356D241AD0CC00E24B65 /* AppDependencyContainer+SearchControllerFactory.swift */; };
		3251B891240EE3F90032685D /* SearchAccountView.swift in Sources */ = {isa = PBXBuildFile; fileRef = 3251B890240EE3F90032685D /* SearchAccountView.swift */; };
		3282E73A240ED6740002E111 /* AppDelegate.swift in Sources */ = {isa = PBXBuildFile; fileRef = 3282E739240ED6740002E111 /* AppDelegate.swift */; };
		3282E73C240ED6740002E111 /* SceneDelegate.swift in Sources */ = {isa = PBXBuildFile; fileRef = 3282E73B240ED6740002E111 /* SceneDelegate.swift */; };
		3282E73E240ED6740002E111 /* SearchAccountViewController.swift in Sources */ = {isa = PBXBuildFile; fileRef = 3282E73D240ED6740002E111 /* SearchAccountViewController.swift */; };
		3282E743240ED6780002E111 /* Assets.xcassets in Resources */ = {isa = PBXBuildFile; fileRef = 3282E742240ED6780002E111 /* Assets.xcassets */; };
		3282E746240ED6780002E111 /* LaunchScreen.storyboard in Resources */ = {isa = PBXBuildFile; fileRef = 3282E744240ED6780002E111 /* LaunchScreen.storyboard */; };
		3282E74E240EDAD40002E111 /* AppDependencyContainer.swift in Sources */ = {isa = PBXBuildFile; fileRef = 3282E74D240EDAD40002E111 /* AppDependencyContainer.swift */; };
		3282E756240EDCC90002E111 /* SearchAccountViewModel.swift in Sources */ = {isa = PBXBuildFile; fileRef = 3282E755240EDCC90002E111 /* SearchAccountViewModel.swift */; };
		8B043AEE24169CB400997C8A /* APIFacade.swift in Sources */ = {isa = PBXBuildFile; fileRef = 8B043AED24169CB400997C8A /* APIFacade.swift */; };
		8B043AFF2417E7A100997C8A /* TypeAliases.swift in Sources */ = {isa = PBXBuildFile; fileRef = 8B043AFE2417E7A100997C8A /* TypeAliases.swift */; };
		8B043B07241A343200997C8A /* AppDependencyContainer+NetworkingClientProvider.swift in Sources */ = {isa = PBXBuildFile; fileRef = 8B043B06241A343200997C8A /* AppDependencyContainer+NetworkingClientProvider.swift */; };
		8B043B09241A43C000997C8A /* AppDependencyContainer+ServicesProvider.swift in Sources */ = {isa = PBXBuildFile; fileRef = 8B043B08241A43C000997C8A /* AppDependencyContainer+ServicesProvider.swift */; };
		8B043B16241B7CB300997C8A /* SearchAccountViewController+Extension.swift in Sources */ = {isa = PBXBuildFile; fileRef = 8B043B15241B7CB300997C8A /* SearchAccountViewController+Extension.swift */; };
		8B043B19241BB5D500997C8A /* Debouncer.swift in Sources */ = {isa = PBXBuildFile; fileRef = 8B043B18241BB5D500997C8A /* Debouncer.swift */; };
		8B06044F2437905800D1A53A /* LoadableImageView.swift in Sources */ = {isa = PBXBuildFile; fileRef = 8B06044E2437905800D1A53A /* LoadableImageView.swift */; };
		8B0604522437952C00D1A53A /* ImageLoadable.swift in Sources */ = {isa = PBXBuildFile; fileRef = 8B0604512437952C00D1A53A /* ImageLoadable.swift */; };
		8B0604552437959C00D1A53A /* ImageCache.swift in Sources */ = {isa = PBXBuildFile; fileRef = 8B0604542437959C00D1A53A /* ImageCache.swift */; };
		8B6EB8482410039700D6CA85 /* Helper.swift in Sources */ = {isa = PBXBuildFile; fileRef = 8B6EB8472410039700D6CA85 /* Helper.swift */; };
		8B6EB84D24166E0900D6CA85 /* GetAccounts.swift in Sources */ = {isa = PBXBuildFile; fileRef = 8B6EB84C24166E0900D6CA85 /* GetAccounts.swift */; };
		8B6EB850241673DB00D6CA85 /* AccountResponse.swift in Sources */ = {isa = PBXBuildFile; fileRef = 8B6EB84F241673DB00D6CA85 /* AccountResponse.swift */; };
		8B6EB85424167CC200D6CA85 /* WonLostResponse.swift in Sources */ = {isa = PBXBuildFile; fileRef = 8B6EB85324167CC200D6CA85 /* WonLostResponse.swift */; };
		8B6EB85624167D0800D6CA85 /* GetWonLostStatistic.swift in Sources */ = {isa = PBXBuildFile; fileRef = 8B6EB85524167D0800D6CA85 /* GetWonLostStatistic.swift */; };
		8BCFFDA82420EC2C00751874 /* SearchAccountViewController+UISearchResultsUpdating.swift in Sources */ = {isa = PBXBuildFile; fileRef = 8BCFFDA72420EC2C00751874 /* SearchAccountViewController+UISearchResultsUpdating.swift */; };
		8BCFFDAA2422145500751874 /* EmptySearchAccountView.swift in Sources */ = {isa = PBXBuildFile; fileRef = 8BCFFDA92422145500751874 /* EmptySearchAccountView.swift */; };
		8BCFFDAD242221CE00751874 /* EmptySearchAccountView+EmptySearchAccountViewConstraints.swift in Sources */ = {isa = PBXBuildFile; fileRef = 8BCFFDAC242221CE00751874 /* EmptySearchAccountView+EmptySearchAccountViewConstraints.swift */; };
		8BFA084E2428FE6100461767 /* AppDependencyContainer+DebouncerFactory.swift in Sources */ = {isa = PBXBuildFile; fileRef = 8BFA084D2428FE6100461767 /* AppDependencyContainer+DebouncerFactory.swift */; };
		8BFA08502429019D00461767 /* UIView+ReusableView.swift in Sources */ = {isa = PBXBuildFile; fileRef = 8BFA084F2429019D00461767 /* UIView+ReusableView.swift */; };
		8BFA0861242D008300461767 /* PlayerDetailView.swift in Sources */ = {isa = PBXBuildFile; fileRef = 8BFA0860242D008300461767 /* PlayerDetailView.swift */; };
		8BFA0863242D02E600461767 /* UIFont+DotaFontsr.swift in Sources */ = {isa = PBXBuildFile; fileRef = 8BFA0862242D02E600461767 /* UIFont+DotaFontsr.swift */; };
		8BFA0866242D067500461767 /* PlayerDetailView+PlayerDetailViewConstraints.swift in Sources */ = {isa = PBXBuildFile; fileRef = 8BFA0865242D067500461767 /* PlayerDetailView+PlayerDetailViewConstraints.swift */; };
		8BFA0868242E2E0700461767 /* PlayerDetailsViewController.swift in Sources */ = {isa = PBXBuildFile; fileRef = 8BFA0867242E2E0700461767 /* PlayerDetailsViewController.swift */; };
		8BFA086A242E2ECE00461767 /* PlayerDetailsViewModel.swift in Sources */ = {isa = PBXBuildFile; fileRef = 8BFA0869242E2ECE00461767 /* PlayerDetailsViewModel.swift */; };
		8BFA086C242E39CD00461767 /* AppDependencyContainer+PlayerDetailsFactory.swift in Sources */ = {isa = PBXBuildFile; fileRef = 8BFA086B242E39CD00461767 /* AppDependencyContainer+PlayerDetailsFactory.swift */; };
		8BFA086E242E4C7E00461767 /* PlayerDetailsView+Styling.swift in Sources */ = {isa = PBXBuildFile; fileRef = 8BFA086D242E4C7E00461767 /* PlayerDetailsView+Styling.swift */; };
/* End PBXBuildFile section */

/* Begin PBXFileReference section */
		3206B8A224102C4B00A3C27F /* APIProtocols.swift */ = {isa = PBXFileReference; lastKnownFileType = sourcecode.swift; path = APIProtocols.swift; sourceTree = "<group>"; };
		3206B8A4241195ED00A3C27F /* NetworkingClient.swift */ = {isa = PBXFileReference; lastKnownFileType = sourcecode.swift; path = NetworkingClient.swift; sourceTree = "<group>"; };
		3206B8A6241507E700A3C27F /* APIError.swift */ = {isa = PBXFileReference; lastKnownFileType = sourcecode.swift; path = APIError.swift; sourceTree = "<group>"; };
		3206B8AA2416BA7100A3C27F /* AccountService.swift */ = {isa = PBXFileReference; lastKnownFileType = sourcecode.swift; name = AccountService.swift; path = Dota2App/AppDependencyContainer/Factories/AccountService.swift; sourceTree = SOURCE_ROOT; };
		320AC4C2240EE79F000228BD /* SearchAccountView+SearchAccountViewConstraints.swift */ = {isa = PBXFileReference; lastKnownFileType = sourcecode.swift; path = "SearchAccountView+SearchAccountViewConstraints.swift"; sourceTree = "<group>"; };
		320AC4C4240EEA3A000228BD /* AccountTableViewCell.swift */ = {isa = PBXFileReference; lastKnownFileType = sourcecode.swift; path = AccountTableViewCell.swift; sourceTree = "<group>"; };
		320AC4C8240EECE6000228BD /* R.swift */ = {isa = PBXFileReference; lastKnownFileType = sourcecode.swift; path = R.swift; sourceTree = "<group>"; };
		320AC4CA240EEEB6000228BD /* AccountTableViewCell+AccountTableViewCellConstraints.swift */ = {isa = PBXFileReference; lastKnownFileType = sourcecode.swift; path = "AccountTableViewCell+AccountTableViewCellConstraints.swift"; sourceTree = "<group>"; };
		320AC4CC240F0343000228BD /* SearchAccountViewController+UITableViewDataSource+Delegate.swift */ = {isa = PBXFileReference; lastKnownFileType = sourcecode.swift; path = "SearchAccountViewController+UITableViewDataSource+Delegate.swift"; sourceTree = "<group>"; };
		320AC4CF240F0445000228BD /* Account.swift */ = {isa = PBXFileReference; lastKnownFileType = sourcecode.swift; path = Account.swift; sourceTree = "<group>"; };
		321C356D241AD0CC00E24B65 /* AppDependencyContainer+SearchControllerFactory.swift */ = {isa = PBXFileReference; lastKnownFileType = sourcecode.swift; path = "AppDependencyContainer+SearchControllerFactory.swift"; sourceTree = "<group>"; };
		3251B890240EE3F90032685D /* SearchAccountView.swift */ = {isa = PBXFileReference; lastKnownFileType = sourcecode.swift; path = SearchAccountView.swift; sourceTree = "<group>"; };
		3282E736240ED6740002E111 /* Dota2App.app */ = {isa = PBXFileReference; explicitFileType = wrapper.application; includeInIndex = 0; path = Dota2App.app; sourceTree = BUILT_PRODUCTS_DIR; };
		3282E739240ED6740002E111 /* AppDelegate.swift */ = {isa = PBXFileReference; lastKnownFileType = sourcecode.swift; path = AppDelegate.swift; sourceTree = "<group>"; };
		3282E73B240ED6740002E111 /* SceneDelegate.swift */ = {isa = PBXFileReference; lastKnownFileType = sourcecode.swift; path = SceneDelegate.swift; sourceTree = "<group>"; };
		3282E73D240ED6740002E111 /* SearchAccountViewController.swift */ = {isa = PBXFileReference; lastKnownFileType = sourcecode.swift; path = SearchAccountViewController.swift; sourceTree = "<group>"; };
		3282E742240ED6780002E111 /* Assets.xcassets */ = {isa = PBXFileReference; lastKnownFileType = folder.assetcatalog; path = Assets.xcassets; sourceTree = "<group>"; };
		3282E745240ED6780002E111 /* Base */ = {isa = PBXFileReference; lastKnownFileType = file.storyboard; name = Base; path = Base.lproj/LaunchScreen.storyboard; sourceTree = "<group>"; };
		3282E747240ED6780002E111 /* Info.plist */ = {isa = PBXFileReference; lastKnownFileType = text.plist.xml; path = Info.plist; sourceTree = "<group>"; };
		3282E74D240EDAD40002E111 /* AppDependencyContainer.swift */ = {isa = PBXFileReference; lastKnownFileType = sourcecode.swift; path = AppDependencyContainer.swift; sourceTree = "<group>"; };
		3282E755240EDCC90002E111 /* SearchAccountViewModel.swift */ = {isa = PBXFileReference; lastKnownFileType = sourcecode.swift; path = SearchAccountViewModel.swift; sourceTree = "<group>"; };
		8B043AED24169CB400997C8A /* APIFacade.swift */ = {isa = PBXFileReference; lastKnownFileType = sourcecode.swift; path = APIFacade.swift; sourceTree = "<group>"; };
		8B043AFE2417E7A100997C8A /* TypeAliases.swift */ = {isa = PBXFileReference; lastKnownFileType = sourcecode.swift; path = TypeAliases.swift; sourceTree = "<group>"; };
		8B043B06241A343200997C8A /* AppDependencyContainer+NetworkingClientProvider.swift */ = {isa = PBXFileReference; lastKnownFileType = sourcecode.swift; path = "AppDependencyContainer+NetworkingClientProvider.swift"; sourceTree = "<group>"; };
		8B043B08241A43C000997C8A /* AppDependencyContainer+ServicesProvider.swift */ = {isa = PBXFileReference; lastKnownFileType = sourcecode.swift; path = "AppDependencyContainer+ServicesProvider.swift"; sourceTree = "<group>"; };
		8B043B15241B7CB300997C8A /* SearchAccountViewController+Extension.swift */ = {isa = PBXFileReference; lastKnownFileType = sourcecode.swift; path = "SearchAccountViewController+Extension.swift"; sourceTree = "<group>"; };
		8B043B18241BB5D500997C8A /* Debouncer.swift */ = {isa = PBXFileReference; lastKnownFileType = sourcecode.swift; path = Debouncer.swift; sourceTree = "<group>"; };
		8B06044E2437905800D1A53A /* LoadableImageView.swift */ = {isa = PBXFileReference; lastKnownFileType = sourcecode.swift; path = LoadableImageView.swift; sourceTree = "<group>"; };
		8B0604512437952C00D1A53A /* ImageLoadable.swift */ = {isa = PBXFileReference; lastKnownFileType = sourcecode.swift; path = ImageLoadable.swift; sourceTree = "<group>"; };
		8B0604542437959C00D1A53A /* ImageCache.swift */ = {isa = PBXFileReference; lastKnownFileType = sourcecode.swift; path = ImageCache.swift; sourceTree = "<group>"; };
		8B6EB8472410039700D6CA85 /* Helper.swift */ = {isa = PBXFileReference; lastKnownFileType = sourcecode.swift; path = Helper.swift; sourceTree = "<group>"; };
		8B6EB84C24166E0900D6CA85 /* GetAccounts.swift */ = {isa = PBXFileReference; lastKnownFileType = sourcecode.swift; path = GetAccounts.swift; sourceTree = "<group>"; };
		8B6EB84F241673DB00D6CA85 /* AccountResponse.swift */ = {isa = PBXFileReference; lastKnownFileType = sourcecode.swift; path = AccountResponse.swift; sourceTree = "<group>"; };
		8B6EB85324167CC200D6CA85 /* WonLostResponse.swift */ = {isa = PBXFileReference; lastKnownFileType = sourcecode.swift; path = WonLostResponse.swift; sourceTree = "<group>"; };
		8B6EB85524167D0800D6CA85 /* GetWonLostStatistic.swift */ = {isa = PBXFileReference; lastKnownFileType = sourcecode.swift; path = GetWonLostStatistic.swift; sourceTree = "<group>"; };
		8BCFFDA72420EC2C00751874 /* SearchAccountViewController+UISearchResultsUpdating.swift */ = {isa = PBXFileReference; lastKnownFileType = sourcecode.swift; path = "SearchAccountViewController+UISearchResultsUpdating.swift"; sourceTree = "<group>"; };
		8BCFFDA92422145500751874 /* EmptySearchAccountView.swift */ = {isa = PBXFileReference; lastKnownFileType = sourcecode.swift; path = EmptySearchAccountView.swift; sourceTree = "<group>"; };
		8BCFFDAC242221CE00751874 /* EmptySearchAccountView+EmptySearchAccountViewConstraints.swift */ = {isa = PBXFileReference; lastKnownFileType = sourcecode.swift; path = "EmptySearchAccountView+EmptySearchAccountViewConstraints.swift"; sourceTree = "<group>"; };
		8BFA084D2428FE6100461767 /* AppDependencyContainer+DebouncerFactory.swift */ = {isa = PBXFileReference; lastKnownFileType = sourcecode.swift; path = "AppDependencyContainer+DebouncerFactory.swift"; sourceTree = "<group>"; };
		8BFA084F2429019D00461767 /* UIView+ReusableView.swift */ = {isa = PBXFileReference; lastKnownFileType = sourcecode.swift; path = "UIView+ReusableView.swift"; sourceTree = "<group>"; };
		8BFA0860242D008300461767 /* PlayerDetailView.swift */ = {isa = PBXFileReference; lastKnownFileType = sourcecode.swift; path = PlayerDetailView.swift; sourceTree = "<group>"; };
		8BFA0862242D02E600461767 /* UIFont+DotaFontsr.swift */ = {isa = PBXFileReference; lastKnownFileType = sourcecode.swift; path = "UIFont+DotaFontsr.swift"; sourceTree = "<group>"; };
		8BFA0865242D067500461767 /* PlayerDetailView+PlayerDetailViewConstraints.swift */ = {isa = PBXFileReference; lastKnownFileType = sourcecode.swift; path = "PlayerDetailView+PlayerDetailViewConstraints.swift"; sourceTree = "<group>"; };
		8BFA0867242E2E0700461767 /* PlayerDetailsViewController.swift */ = {isa = PBXFileReference; lastKnownFileType = sourcecode.swift; path = PlayerDetailsViewController.swift; sourceTree = "<group>"; };
		8BFA0869242E2ECE00461767 /* PlayerDetailsViewModel.swift */ = {isa = PBXFileReference; lastKnownFileType = sourcecode.swift; path = PlayerDetailsViewModel.swift; sourceTree = "<group>"; };
		8BFA086B242E39CD00461767 /* AppDependencyContainer+PlayerDetailsFactory.swift */ = {isa = PBXFileReference; lastKnownFileType = sourcecode.swift; path = "AppDependencyContainer+PlayerDetailsFactory.swift"; sourceTree = "<group>"; };
		8BFA086D242E4C7E00461767 /* PlayerDetailsView+Styling.swift */ = {isa = PBXFileReference; lastKnownFileType = sourcecode.swift; path = "PlayerDetailsView+Styling.swift"; sourceTree = "<group>"; };
/* End PBXFileReference section */

/* Begin PBXFrameworksBuildPhase section */
		3282E733240ED6740002E111 /* Frameworks */ = {
			isa = PBXFrameworksBuildPhase;
			buildActionMask = 2147483647;
			files = (
			);
			runOnlyForDeploymentPostprocessing = 0;
		};
/* End PBXFrameworksBuildPhase section */

/* Begin PBXGroup section */
		3206B8A124102C3100A3C27F /* DotaAPI */ = {
			isa = PBXGroup;
			children = (
				8B6EB84E241673C200D6CA85 /* ResponseModels */,
				8B6EB84B24166DD700D6CA85 /* Requests */,
				8B6EB84A24166D9500D6CA85 /* LocalClient */,
				8B6EB84924166D7C00D6CA85 /* NetworkClient */,
				3206B8A224102C4B00A3C27F /* APIProtocols.swift */,
				3206B8A6241507E700A3C27F /* APIError.swift */,
			);
			path = DotaAPI;
			sourceTree = "<group>";
		};
		320AC4C6240EEC97000228BD /* Resources */ = {
			isa = PBXGroup;
			children = (
				320AC4C7240EECCD000228BD /* System */,
				320AC4C8240EECE6000228BD /* R.swift */,
				8B043AFE2417E7A100997C8A /* TypeAliases.swift */,
			);
			path = Resources;
			sourceTree = "<group>";
		};
		320AC4C7240EECCD000228BD /* System */ = {
			isa = PBXGroup;
			children = (
				3282E742240ED6780002E111 /* Assets.xcassets */,
				3282E744240ED6780002E111 /* LaunchScreen.storyboard */,
			);
			path = System;
			sourceTree = "<group>";
		};
		320AC4CE240F0423000228BD /* Models */ = {
			isa = PBXGroup;
			children = (
				320AC4CF240F0445000228BD /* Account.swift */,
			);
			path = Models;
			sourceTree = "<group>";
		};
		3251B88D240EE3D10032685D /* Controller */ = {
			isa = PBXGroup;
			children = (
				3282E73D240ED6740002E111 /* SearchAccountViewController.swift */,
				320AC4CC240F0343000228BD /* SearchAccountViewController+UITableViewDataSource+Delegate.swift */,
				8B043B15241B7CB300997C8A /* SearchAccountViewController+Extension.swift */,
				8BCFFDA72420EC2C00751874 /* SearchAccountViewController+UISearchResultsUpdating.swift */,
			);
			path = Controller;
			sourceTree = "<group>";
		};
		3251B88E240EE3DC0032685D /* View */ = {
			isa = PBXGroup;
			children = (
				8BCFFDAB242221AB00751874 /* ViewConstraints */,
				3251B890240EE3F90032685D /* SearchAccountView.swift */,
				320AC4C4240EEA3A000228BD /* AccountTableViewCell.swift */,
				8BCFFDA92422145500751874 /* EmptySearchAccountView.swift */,
			);
			path = View;
			sourceTree = "<group>";
		};
		3251B88F240EE3E00032685D /* ViewModel */ = {
			isa = PBXGroup;
			children = (
				3282E755240EDCC90002E111 /* SearchAccountViewModel.swift */,
			);
			path = ViewModel;
			sourceTree = "<group>";
		};
		3282E72D240ED6740002E111 = {
			isa = PBXGroup;
			children = (
				3282E738240ED6740002E111 /* Dota2App */,
				3282E737240ED6740002E111 /* Products */,
			);
			sourceTree = "<group>";
		};
		3282E737240ED6740002E111 /* Products */ = {
			isa = PBXGroup;
			children = (
				3282E736240ED6740002E111 /* Dota2App.app */,
			);
			name = Products;
			sourceTree = "<group>";
		};
		3282E738240ED6740002E111 /* Dota2App */ = {
			isa = PBXGroup;
			children = (
				8BCFFDAE24224CC300751874 /* UIKit */,
				8B043AEC24169C9500997C8A /* Facade */,
				3206B8A124102C3100A3C27F /* DotaAPI */,
				8B6EB8462410038800D6CA85 /* Helpers */,
				320AC4CE240F0423000228BD /* Models */,
				320AC4C6240EEC97000228BD /* Resources */,
				3282E74F240EDBA10002E111 /* AppDependencyContainer */,
				3282E753240EDC9B0002E111 /* Screens */,
				3282E739240ED6740002E111 /* AppDelegate.swift */,
				3282E73B240ED6740002E111 /* SceneDelegate.swift */,
				3282E747240ED6780002E111 /* Info.plist */,
			);
			path = Dota2App;
			sourceTree = "<group>";
		};
		3282E74F240EDBA10002E111 /* AppDependencyContainer */ = {
			isa = PBXGroup;
			children = (
				8B043B14241A96D500997C8A /* Providers */,
				3282E750240EDBAC0002E111 /* Factories */,
				3282E74D240EDAD40002E111 /* AppDependencyContainer.swift */,
			);
			path = AppDependencyContainer;
			sourceTree = "<group>";
		};
		3282E750240EDBAC0002E111 /* Factories */ = {
			isa = PBXGroup;
			children = (
				321C356D241AD0CC00E24B65 /* AppDependencyContainer+SearchControllerFactory.swift */,
				8BFA084D2428FE6100461767 /* AppDependencyContainer+DebouncerFactory.swift */,
				8BFA086B242E39CD00461767 /* AppDependencyContainer+PlayerDetailsFactory.swift */,
			);
			path = Factories;
			sourceTree = "<group>";
		};
		3282E753240EDC9B0002E111 /* Screens */ = {
			isa = PBXGroup;
			children = (
				8BFA085C242CFF6200461767 /* PlayerDetails */,
				3282E754240EDCAC0002E111 /* SearchAccount */,
			);
			path = Screens;
			sourceTree = "<group>";
		};
		3282E754240EDCAC0002E111 /* SearchAccount */ = {
			isa = PBXGroup;
			children = (
				3251B88F240EE3E00032685D /* ViewModel */,
				3251B88E240EE3DC0032685D /* View */,
				3251B88D240EE3D10032685D /* Controller */,
			);
			path = SearchAccount;
			sourceTree = "<group>";
		};
		8B043AEC24169C9500997C8A /* Facade */ = {
			isa = PBXGroup;
			children = (
				8B043AEF24169CDD00997C8A /* Services */,
				8B043AED24169CB400997C8A /* APIFacade.swift */,
			);
			path = Facade;
			sourceTree = "<group>";
		};
		8B043AEF24169CDD00997C8A /* Services */ = {
			isa = PBXGroup;
			children = (
				3206B8AA2416BA7100A3C27F /* AccountService.swift */,
			);
			path = Services;
			sourceTree = "<group>";
		};
		8B043B14241A96D500997C8A /* Providers */ = {
			isa = PBXGroup;
			children = (
				8B043B08241A43C000997C8A /* AppDependencyContainer+ServicesProvider.swift */,
				8B043B06241A343200997C8A /* AppDependencyContainer+NetworkingClientProvider.swift */,
			);
			path = Providers;
			sourceTree = "<group>";
		};
		8B043B17241BB5C600997C8A /* Debouncer */ = {
			isa = PBXGroup;
			children = (
				8B043B18241BB5D500997C8A /* Debouncer.swift */,
			);
			path = Debouncer;
			sourceTree = "<group>";
		};
		8B0604502437951400D1A53A /* LoadableImageView */ = {
			isa = PBXGroup;
			children = (
				8B0604532437958800D1A53A /* ImageCache */,
				8B06044E2437905800D1A53A /* LoadableImageView.swift */,
				8B0604512437952C00D1A53A /* ImageLoadable.swift */,
			);
			path = LoadableImageView;
			sourceTree = "<group>";
		};
		8B0604532437958800D1A53A /* ImageCache */ = {
			isa = PBXGroup;
			children = (
				8B0604542437959C00D1A53A /* ImageCache.swift */,
			);
			path = ImageCache;
			sourceTree = "<group>";
		};
		8B6EB8462410038800D6CA85 /* Helpers */ = {
			isa = PBXGroup;
			children = (
				8B043B17241BB5C600997C8A /* Debouncer */,
				8B6EB8472410039700D6CA85 /* Helper.swift */,
			);
			path = Helpers;
			sourceTree = "<group>";
		};
		8B6EB84924166D7C00D6CA85 /* NetworkClient */ = {
			isa = PBXGroup;
			children = (
				3206B8A4241195ED00A3C27F /* NetworkingClient.swift */,
			);
			path = NetworkClient;
			sourceTree = "<group>";
		};
		8B6EB84A24166D9500D6CA85 /* LocalClient */ = {
			isa = PBXGroup;
			children = (
			);
			path = LocalClient;
			sourceTree = "<group>";
		};
		8B6EB84B24166DD700D6CA85 /* Requests */ = {
			isa = PBXGroup;
			children = (
				8B6EB84C24166E0900D6CA85 /* GetAccounts.swift */,
				8B6EB85524167D0800D6CA85 /* GetWonLostStatistic.swift */,
			);
			path = Requests;
			sourceTree = "<group>";
		};
		8B6EB84E241673C200D6CA85 /* ResponseModels */ = {
			isa = PBXGroup;
			children = (
				8B6EB84F241673DB00D6CA85 /* AccountResponse.swift */,
				8B6EB85324167CC200D6CA85 /* WonLostResponse.swift */,
			);
			path = ResponseModels;
			sourceTree = "<group>";
		};
		8BCFFDAB242221AB00751874 /* ViewConstraints */ = {
			isa = PBXGroup;
			children = (
				320AC4C2240EE79F000228BD /* SearchAccountView+SearchAccountViewConstraints.swift */,
				320AC4CA240EEEB6000228BD /* AccountTableViewCell+AccountTableViewCellConstraints.swift */,
				8BCFFDAC242221CE00751874 /* EmptySearchAccountView+EmptySearchAccountViewConstraints.swift */,
			);
			path = ViewConstraints;
			sourceTree = "<group>";
		};
		8BCFFDAE24224CC300751874 /* UIKit */ = {
			isa = PBXGroup;
			children = (
				8B0604502437951400D1A53A /* LoadableImageView */,
				8BFA084F2429019D00461767 /* UIView+ReusableView.swift */,
				8BFA0862242D02E600461767 /* UIFont+DotaFontsr.swift */,
			);
			path = UIKit;
			sourceTree = "<group>";
		};
		8BFA085C242CFF6200461767 /* PlayerDetails */ = {
			isa = PBXGroup;
			children = (
				8BFA085F242CFF8300461767 /* ViewModel */,
				8BFA085E242CFF7B00461767 /* Controller */,
				8BFA085D242CFF7400461767 /* View */,
			);
			path = PlayerDetails;
			sourceTree = "<group>";
		};
		8BFA085D242CFF7400461767 /* View */ = {
			isa = PBXGroup;
			children = (
				8BFA0864242D03EB00461767 /* Extensions */,
				8BFA0860242D008300461767 /* PlayerDetailView.swift */,
			);
			path = View;
			sourceTree = "<group>";
		};
		8BFA085E242CFF7B00461767 /* Controller */ = {
			isa = PBXGroup;
			children = (
				8BFA0867242E2E0700461767 /* PlayerDetailsViewController.swift */,
			);
			path = Controller;
			sourceTree = "<group>";
		};
		8BFA085F242CFF8300461767 /* ViewModel */ = {
			isa = PBXGroup;
			children = (
				8BFA0869242E2ECE00461767 /* PlayerDetailsViewModel.swift */,
			);
			path = ViewModel;
			sourceTree = "<group>";
		};
		8BFA0864242D03EB00461767 /* Extensions */ = {
			isa = PBXGroup;
			children = (
				8BFA0865242D067500461767 /* PlayerDetailView+PlayerDetailViewConstraints.swift */,
				8BFA086D242E4C7E00461767 /* PlayerDetailsView+Styling.swift */,
			);
			path = Extensions;
			sourceTree = "<group>";
		};
/* End PBXGroup section */

/* Begin PBXNativeTarget section */
		3282E735240ED6740002E111 /* Dota2App */ = {
			isa = PBXNativeTarget;
			buildConfigurationList = 3282E74A240ED6780002E111 /* Build configuration list for PBXNativeTarget "Dota2App" */;
			buildPhases = (
				3282E732240ED6740002E111 /* Sources */,
				3282E733240ED6740002E111 /* Frameworks */,
				3282E734240ED6740002E111 /* Resources */,
			);
			buildRules = (
			);
			dependencies = (
			);
			name = Dota2App;
			productName = Dota2App;
			productReference = 3282E736240ED6740002E111 /* Dota2App.app */;
			productType = "com.apple.product-type.application";
		};
/* End PBXNativeTarget section */

/* Begin PBXProject section */
		3282E72E240ED6740002E111 /* Project object */ = {
			isa = PBXProject;
			attributes = {
				LastSwiftUpdateCheck = 1130;
				LastUpgradeCheck = 1130;
				ORGANIZATIONNAME = "Levchuk Misha";
				TargetAttributes = {
					3282E735240ED6740002E111 = {
						CreatedOnToolsVersion = 11.3.1;
					};
				};
			};
			buildConfigurationList = 3282E731240ED6740002E111 /* Build configuration list for PBXProject "Dota2App" */;
			compatibilityVersion = "Xcode 9.3";
			developmentRegion = en;
			hasScannedForEncodings = 0;
			knownRegions = (
				en,
				Base,
			);
			mainGroup = 3282E72D240ED6740002E111;
			productRefGroup = 3282E737240ED6740002E111 /* Products */;
			projectDirPath = "";
			projectRoot = "";
			targets = (
				3282E735240ED6740002E111 /* Dota2App */,
			);
		};
/* End PBXProject section */

/* Begin PBXResourcesBuildPhase section */
		3282E734240ED6740002E111 /* Resources */ = {
			isa = PBXResourcesBuildPhase;
			buildActionMask = 2147483647;
			files = (
				3282E746240ED6780002E111 /* LaunchScreen.storyboard in Resources */,
				3282E743240ED6780002E111 /* Assets.xcassets in Resources */,
			);
			runOnlyForDeploymentPostprocessing = 0;
		};
/* End PBXResourcesBuildPhase section */

/* Begin PBXSourcesBuildPhase section */
		3282E732240ED6740002E111 /* Sources */ = {
			isa = PBXSourcesBuildPhase;
			buildActionMask = 2147483647;
			files = (
				320AC4CD240F0343000228BD /* SearchAccountViewController+UITableViewDataSource+Delegate.swift in Sources */,
				8B043B09241A43C000997C8A /* AppDependencyContainer+ServicesProvider.swift in Sources */,
				8BFA08502429019D00461767 /* UIView+ReusableView.swift in Sources */,
				8B043B16241B7CB300997C8A /* SearchAccountViewController+Extension.swift in Sources */,
				8BCFFDA82420EC2C00751874 /* SearchAccountViewController+UISearchResultsUpdating.swift in Sources */,
				8BFA086A242E2ECE00461767 /* PlayerDetailsViewModel.swift in Sources */,
				8B6EB8482410039700D6CA85 /* Helper.swift in Sources */,
				8B6EB84D24166E0900D6CA85 /* GetAccounts.swift in Sources */,
				8B043AFF2417E7A100997C8A /* TypeAliases.swift in Sources */,
				8BFA086C242E39CD00461767 /* AppDependencyContainer+PlayerDetailsFactory.swift in Sources */,
				3206B8A5241195ED00A3C27F /* NetworkingClient.swift in Sources */,
				8BCFFDAD242221CE00751874 /* EmptySearchAccountView+EmptySearchAccountViewConstraints.swift in Sources */,
				8BFA086E242E4C7E00461767 /* PlayerDetailsView+Styling.swift in Sources */,
				3206B8A7241507E700A3C27F /* APIError.swift in Sources */,
				8B6EB85424167CC200D6CA85 /* WonLostResponse.swift in Sources */,
				320AC4D0240F0445000228BD /* Account.swift in Sources */,
				8B043B07241A343200997C8A /* AppDependencyContainer+NetworkingClientProvider.swift in Sources */,
				8B043B19241BB5D500997C8A /* Debouncer.swift in Sources */,
				8BCFFDAA2422145500751874 /* EmptySearchAccountView.swift in Sources */,
				3206B8A324102C4B00A3C27F /* APIProtocols.swift in Sources */,
				3282E756240EDCC90002E111 /* SearchAccountViewModel.swift in Sources */,
				8BFA0863242D02E600461767 /* UIFont+DotaFontsr.swift in Sources */,
				3282E73E240ED6740002E111 /* SearchAccountViewController.swift in Sources */,
				3282E73A240ED6740002E111 /* AppDelegate.swift in Sources */,
				8B6EB85624167D0800D6CA85 /* GetWonLostStatistic.swift in Sources */,
				3251B891240EE3F90032685D /* SearchAccountView.swift in Sources */,
				3282E74E240EDAD40002E111 /* AppDependencyContainer.swift in Sources */,
				320AC4C5240EEA3A000228BD /* AccountTableViewCell.swift in Sources */,
				3282E73C240ED6740002E111 /* SceneDelegate.swift in Sources */,
				8B0604552437959C00D1A53A /* ImageCache.swift in Sources */,
				320AC4C9240EECE6000228BD /* R.swift in Sources */,
				8B043AEE24169CB400997C8A /* APIFacade.swift in Sources */,
				8B06044F2437905800D1A53A /* LoadableImageView.swift in Sources */,
				8BFA084E2428FE6100461767 /* AppDependencyContainer+DebouncerFactory.swift in Sources */,
				8BFA0861242D008300461767 /* PlayerDetailView.swift in Sources */,
				321C356E241AD0CC00E24B65 /* AppDependencyContainer+SearchControllerFactory.swift in Sources */,
				8BFA0868242E2E0700461767 /* PlayerDetailsViewController.swift in Sources */,
				8B6EB850241673DB00D6CA85 /* AccountResponse.swift in Sources */,
				3206B8AB2416BA7100A3C27F /* AccountService.swift in Sources */,
				320AC4CB240EEEB6000228BD /* AccountTableViewCell+AccountTableViewCellConstraints.swift in Sources */,
				320AC4C3240EE79F000228BD /* SearchAccountView+SearchAccountViewConstraints.swift in Sources */,
				8BFA0866242D067500461767 /* PlayerDetailView+PlayerDetailViewConstraints.swift in Sources */,
				8B0604522437952C00D1A53A /* ImageLoadable.swift in Sources */,
			);
			runOnlyForDeploymentPostprocessing = 0;
		};
/* End PBXSourcesBuildPhase section */

/* Begin PBXVariantGroup section */
		3282E744240ED6780002E111 /* LaunchScreen.storyboard */ = {
			isa = PBXVariantGroup;
			children = (
				3282E745240ED6780002E111 /* Base */,
			);
			name = LaunchScreen.storyboard;
			sourceTree = "<group>";
		};
/* End PBXVariantGroup section */

/* Begin XCBuildConfiguration section */
		3282E748240ED6780002E111 /* Debug */ = {
			isa = XCBuildConfiguration;
			buildSettings = {
				ALWAYS_SEARCH_USER_PATHS = NO;
				CLANG_ANALYZER_NONNULL = YES;
				CLANG_ANALYZER_NUMBER_OBJECT_CONVERSION = YES_AGGRESSIVE;
				CLANG_CXX_LANGUAGE_STANDARD = "gnu++14";
				CLANG_CXX_LIBRARY = "libc++";
				CLANG_ENABLE_MODULES = YES;
				CLANG_ENABLE_OBJC_ARC = YES;
				CLANG_ENABLE_OBJC_WEAK = YES;
				CLANG_WARN_BLOCK_CAPTURE_AUTORELEASING = YES;
				CLANG_WARN_BOOL_CONVERSION = YES;
				CLANG_WARN_COMMA = YES;
				CLANG_WARN_CONSTANT_CONVERSION = YES;
				CLANG_WARN_DEPRECATED_OBJC_IMPLEMENTATIONS = YES;
				CLANG_WARN_DIRECT_OBJC_ISA_USAGE = YES_ERROR;
				CLANG_WARN_DOCUMENTATION_COMMENTS = YES;
				CLANG_WARN_EMPTY_BODY = YES;
				CLANG_WARN_ENUM_CONVERSION = YES;
				CLANG_WARN_INFINITE_RECURSION = YES;
				CLANG_WARN_INT_CONVERSION = YES;
				CLANG_WARN_NON_LITERAL_NULL_CONVERSION = YES;
				CLANG_WARN_OBJC_IMPLICIT_RETAIN_SELF = YES;
				CLANG_WARN_OBJC_LITERAL_CONVERSION = YES;
				CLANG_WARN_OBJC_ROOT_CLASS = YES_ERROR;
				CLANG_WARN_RANGE_LOOP_ANALYSIS = YES;
				CLANG_WARN_STRICT_PROTOTYPES = YES;
				CLANG_WARN_SUSPICIOUS_MOVE = YES;
				CLANG_WARN_UNGUARDED_AVAILABILITY = YES_AGGRESSIVE;
				CLANG_WARN_UNREACHABLE_CODE = YES;
				CLANG_WARN__DUPLICATE_METHOD_MATCH = YES;
				COPY_PHASE_STRIP = NO;
				DEBUG_INFORMATION_FORMAT = dwarf;
				ENABLE_STRICT_OBJC_MSGSEND = YES;
				ENABLE_TESTABILITY = YES;
				GCC_C_LANGUAGE_STANDARD = gnu11;
				GCC_DYNAMIC_NO_PIC = NO;
				GCC_NO_COMMON_BLOCKS = YES;
				GCC_OPTIMIZATION_LEVEL = 0;
				GCC_PREPROCESSOR_DEFINITIONS = (
					"DEBUG=1",
					"$(inherited)",
				);
				GCC_WARN_64_TO_32_BIT_CONVERSION = YES;
				GCC_WARN_ABOUT_RETURN_TYPE = YES_ERROR;
				GCC_WARN_UNDECLARED_SELECTOR = YES;
				GCC_WARN_UNINITIALIZED_AUTOS = YES_AGGRESSIVE;
				GCC_WARN_UNUSED_FUNCTION = YES;
				GCC_WARN_UNUSED_VARIABLE = YES;
				IPHONEOS_DEPLOYMENT_TARGET = 13.0;
				MTL_ENABLE_DEBUG_INFO = INCLUDE_SOURCE;
				MTL_FAST_MATH = YES;
				ONLY_ACTIVE_ARCH = YES;
				SDKROOT = iphoneos;
				SWIFT_ACTIVE_COMPILATION_CONDITIONS = DEBUG;
				SWIFT_OPTIMIZATION_LEVEL = "-Onone";
			};
			name = Debug;
		};
		3282E749240ED6780002E111 /* Release */ = {
			isa = XCBuildConfiguration;
			buildSettings = {
				ALWAYS_SEARCH_USER_PATHS = NO;
				CLANG_ANALYZER_NONNULL = YES;
				CLANG_ANALYZER_NUMBER_OBJECT_CONVERSION = YES_AGGRESSIVE;
				CLANG_CXX_LANGUAGE_STANDARD = "gnu++14";
				CLANG_CXX_LIBRARY = "libc++";
				CLANG_ENABLE_MODULES = YES;
				CLANG_ENABLE_OBJC_ARC = YES;
				CLANG_ENABLE_OBJC_WEAK = YES;
				CLANG_WARN_BLOCK_CAPTURE_AUTORELEASING = YES;
				CLANG_WARN_BOOL_CONVERSION = YES;
				CLANG_WARN_COMMA = YES;
				CLANG_WARN_CONSTANT_CONVERSION = YES;
				CLANG_WARN_DEPRECATED_OBJC_IMPLEMENTATIONS = YES;
				CLANG_WARN_DIRECT_OBJC_ISA_USAGE = YES_ERROR;
				CLANG_WARN_DOCUMENTATION_COMMENTS = YES;
				CLANG_WARN_EMPTY_BODY = YES;
				CLANG_WARN_ENUM_CONVERSION = YES;
				CLANG_WARN_INFINITE_RECURSION = YES;
				CLANG_WARN_INT_CONVERSION = YES;
				CLANG_WARN_NON_LITERAL_NULL_CONVERSION = YES;
				CLANG_WARN_OBJC_IMPLICIT_RETAIN_SELF = YES;
				CLANG_WARN_OBJC_LITERAL_CONVERSION = YES;
				CLANG_WARN_OBJC_ROOT_CLASS = YES_ERROR;
				CLANG_WARN_RANGE_LOOP_ANALYSIS = YES;
				CLANG_WARN_STRICT_PROTOTYPES = YES;
				CLANG_WARN_SUSPICIOUS_MOVE = YES;
				CLANG_WARN_UNGUARDED_AVAILABILITY = YES_AGGRESSIVE;
				CLANG_WARN_UNREACHABLE_CODE = YES;
				CLANG_WARN__DUPLICATE_METHOD_MATCH = YES;
				COPY_PHASE_STRIP = NO;
				DEBUG_INFORMATION_FORMAT = "dwarf-with-dsym";
				ENABLE_NS_ASSERTIONS = NO;
				ENABLE_STRICT_OBJC_MSGSEND = YES;
				GCC_C_LANGUAGE_STANDARD = gnu11;
				GCC_NO_COMMON_BLOCKS = YES;
				GCC_WARN_64_TO_32_BIT_CONVERSION = YES;
				GCC_WARN_ABOUT_RETURN_TYPE = YES_ERROR;
				GCC_WARN_UNDECLARED_SELECTOR = YES;
				GCC_WARN_UNINITIALIZED_AUTOS = YES_AGGRESSIVE;
				GCC_WARN_UNUSED_FUNCTION = YES;
				GCC_WARN_UNUSED_VARIABLE = YES;
				IPHONEOS_DEPLOYMENT_TARGET = 13.0;
				MTL_ENABLE_DEBUG_INFO = NO;
				MTL_FAST_MATH = YES;
				SDKROOT = iphoneos;
				SWIFT_COMPILATION_MODE = wholemodule;
				SWIFT_OPTIMIZATION_LEVEL = "-O";
				VALIDATE_PRODUCT = YES;
			};
			name = Release;
		};
		3282E74B240ED6780002E111 /* Debug */ = {
			isa = XCBuildConfiguration;
			buildSettings = {
				ASSETCATALOG_COMPILER_APPICON_NAME = AppIcon;
				CODE_SIGN_STYLE = Automatic;
				DEVELOPMENT_TEAM = 9C825Y4865;
				INFOPLIST_FILE = Dota2App/Info.plist;
				LD_RUNPATH_SEARCH_PATHS = (
					"$(inherited)",
					"@executable_path/Frameworks",
				);
				PRODUCT_BUNDLE_IDENTIFIER = iX0ness.Dota2App1;
				PRODUCT_NAME = "$(TARGET_NAME)";
				SWIFT_VERSION = 5.0;
				TARGETED_DEVICE_FAMILY = "1,2";
			};
			name = Debug;
		};
		3282E74C240ED6780002E111 /* Release */ = {
			isa = XCBuildConfiguration;
			buildSettings = {
				ASSETCATALOG_COMPILER_APPICON_NAME = AppIcon;
				CODE_SIGN_STYLE = Automatic;
				DEVELOPMENT_TEAM = 9C825Y4865;
				INFOPLIST_FILE = Dota2App/Info.plist;
				LD_RUNPATH_SEARCH_PATHS = (
					"$(inherited)",
					"@executable_path/Frameworks",
				);
				PRODUCT_BUNDLE_IDENTIFIER = iX0ness.Dota2App1;
				PRODUCT_NAME = "$(TARGET_NAME)";
				SWIFT_VERSION = 5.0;
				TARGETED_DEVICE_FAMILY = "1,2";
			};
			name = Release;
		};
/* End XCBuildConfiguration section */

/* Begin XCConfigurationList section */
		3282E731240ED6740002E111 /* Build configuration list for PBXProject "Dota2App" */ = {
			isa = XCConfigurationList;
			buildConfigurations = (
				3282E748240ED6780002E111 /* Debug */,
				3282E749240ED6780002E111 /* Release */,
			);
			defaultConfigurationIsVisible = 0;
			defaultConfigurationName = Release;
		};
		3282E74A240ED6780002E111 /* Build configuration list for PBXNativeTarget "Dota2App" */ = {
			isa = XCConfigurationList;
			buildConfigurations = (
				3282E74B240ED6780002E111 /* Debug */,
				3282E74C240ED6780002E111 /* Release */,
			);
			defaultConfigurationIsVisible = 0;
			defaultConfigurationName = Release;
		};
/* End XCConfigurationList section */
	};
	rootObject = 3282E72E240ED6740002E111 /* Project object */;
}
